
Microsoft Visual Studio Solution File, Format Version 12.00
# Visual Studio Version 17
VisualStudioVersion = 17.0.31919.166
MinimumVisualStudioVersion = 10.0.40219.1
Project("{FAE04EC0-301F-11D3-BF4B-00C04F79EFBC}") = "MinimalAPIDemo", "MinimalAPIDemo\MinimalAPIDemo.csproj", "{8D450D41-4E16-43A5-A3E5-F9911F60F3DA}"
EndProject
Project("{00D1A9C2-B5F0-4AF3-8072-F6C62B433612}") = "UserDB", "UserDB\UserDB.sqlproj", "{B7F303FE-5149-40BA-BA35-FABB4C19FDC7}"
EndProject
Project("{FAE04EC0-301F-11D3-BF4B-00C04F79EFBC}") = "DataAccess", "DataAccess\DataAccess.csproj", "{A48CDF48-FB97-449D-B4F3-27DDDE6E481F}"
EndProject
Project("{2150E333-8FDC-42A3-9474-1A3956D46DE8}") = "Solution Items", "Solution Items", "{D21AB916-72E1-4ECF-AE47-11EBCCD8A300}"
	ProjectSection(SolutionItems) = preProject
		.editorconfig = .editorconfig
	EndProjectSection
EndProject
Global
	GlobalSection(SolutionConfigurationPlatforms) = preSolution
		Debug|Any CPU = Debug|Any CPU
		Release|Any CPU = Release|Any CPU
	EndGlobalSection
	GlobalSection(ProjectConfigurationPlatforms) = postSolution
		{8D450D41-4E16-43A5-A3E5-F9911F60F3DA}.Debug|Any CPU.ActiveCfg = Debug|Any CPU
		{8D450D41-4E16-43A5-A3E5-F9911F60F3DA}.Debug|Any CPU.Build.0 = Debug|Any CPU
		{8D450D41-4E16-43A5-A3E5-F9911F60F3DA}.Release|Any CPU.ActiveCfg = Release|Any CPU
		{8D450D41-4E16-43A5-A3E5-F9911F60F3DA}.Release|Any CPU.Build.0 = Release|Any CPU
		{B7F303FE-5149-40BA-BA35-FABB4C19FDC7}.Debug|Any CPU.ActiveCfg = Debug|Any CPU
		{B7F303FE-5149-40BA-BA35-FABB4C19FDC7}.Debug|Any CPU.Build.0 = Debug|Any CPU
		{B7F303FE-5149-40BA-BA35-FABB4C19FDC7}.Debug|Any CPU.Deploy.0 = Debug|Any CPU
		{B7F303FE-5149-40BA-BA35-FABB4C19FDC7}.Release|Any CPU.ActiveCfg = Release|Any CPU
		{B7F303FE-5149-40BA-BA35-FABB4C19FDC7}.Release|Any CPU.Build.0 = Release|Any CPU
		{B7F303FE-5149-40BA-BA35-FABB4C19FDC7}.Release|Any CPU.Deploy.0 = Release|Any CPU
		{A48CDF48-FB97-449D-B4F3-27DDDE6E481F}.Debug|Any CPU.ActiveCfg = Debug|Any CPU
		{A48CDF48-FB97-449D-B4F3-27DDDE6E481F}.Debug|Any CPU.Build.0 = Debug|Any CPU
		{A48CDF48-FB97-449D-B4F3-27DDDE6E481F}.Release|Any CPU.ActiveCfg = Release|Any CPU
		{A48CDF48-FB97-449D-B4F3-27DDDE6E481F}.Release|Any CPU.Build.0 = Release|Any CPU
	EndGlobalSection
	GlobalSection(SolutionProperties) = preSolution
		HideSolutionNode = FALSE
	EndGlobalSection
	GlobalSection(ExtensibilityGlobals) = postSolution
		SolutionGuid = {0EAF1F08-0B1A-48F3-B836-DFBFB1D5B4BB}
	EndGlobalSection
EndGlobal
